# This file is generated by running "yarn install" inside your project.
# Manual changes might be lost - proceed with caution!

__metadata:
  version: 4
  cacheKey: 8

"@arcanis/slice-ansi@npm:^1.0.2":
  version: 1.0.2
  resolution: "@arcanis/slice-ansi@npm:1.0.2"
  dependencies:
    grapheme-splitter: ^1.0.4
  checksum: b66e05fa25e42172a4f32aa8a5372203227f1b0e1c5d7879f45217a0fd0a5506a0f53f677ee532b8c92e53ce8404fdd60ba4cd83cfb806a19ad6472e6b75170b
  languageName: node
  linkType: hard

"@nodelib/fs.scandir@npm:2.1.4":
  version: 2.1.4
  resolution: "@nodelib/fs.scandir@npm:2.1.4"
  dependencies:
    "@nodelib/fs.stat": 2.0.4
    run-parallel: ^1.1.9
  checksum: 18c2150ab52a042bd65babe5b70106e6586dc036644131c33d253ff99e5eeef2e65858ab40161530a6f22b512a65e7c7629f0f1e0f35c00ee4c606f960d375ba
  languageName: node
  linkType: hard

"@nodelib/fs.stat@npm:2.0.4, @nodelib/fs.stat@npm:^2.0.2":
  version: 2.0.4
  resolution: "@nodelib/fs.stat@npm:2.0.4"
  checksum: d0d9745f878816d041a8b36faf5797d88ba961274178f0ad1f7fe0efef8118ca9bd0e43e4d0d85a9af911bd35122ec1580e626a83d7595fc4d60f2c1c70e2665
  languageName: node
  linkType: hard

"@nodelib/fs.walk@npm:^1.2.3":
  version: 1.2.6
  resolution: "@nodelib/fs.walk@npm:1.2.6"
  dependencies:
    "@nodelib/fs.scandir": 2.1.4
    fastq: ^1.6.0
  checksum: d156901823b3d3de368ad68047a964523e0ce5f796c0aa7712443b1f748d8e7fc24ce2c0f18d22a177e1f1c6092bca609ab5e4cb1792c41cdc8a6989bc391139
  languageName: node
  linkType: hard

"@sindresorhus/is@npm:^4.0.0":
  version: 4.0.0
  resolution: "@sindresorhus/is@npm:4.0.0"
  checksum: 0e010f79820099b0a7cb8e1c982f822fc4407ff65d2898708b04e1675949eb6885a470fd7274843f83b84e0d3b74fe0de1ff9291d66553228d68202daca5bbaf
  languageName: node
  linkType: hard

"@szmarczak/http-timer@npm:^4.0.5":
  version: 4.0.5
  resolution: "@szmarczak/http-timer@npm:4.0.5"
  dependencies:
    defer-to-connect: ^2.0.0
  checksum: 27b713859bc7d370f81631eea99879a9d496e1def5d33752fccd6c80dba32cde2094f378c8d07d56f236b08afb4b3621fbf6254faaca52b1a8146ece1eba8428
  languageName: node
  linkType: hard

"@types/cacheable-request@npm:^6.0.1":
  version: 6.0.1
  resolution: "@types/cacheable-request@npm:6.0.1"
  dependencies:
    "@types/http-cache-semantics": "*"
    "@types/keyv": "*"
    "@types/node": "*"
    "@types/responselike": "*"
  checksum: c25b1bfa2f4f2cc1ca8e1bebad99f2e2c502a3fc09b5270765bfd6b57b1b73b9fab7127acb618beb04c646534a21c62b052aa6942bdfc461ee49387ec9975cd5
  languageName: node
  linkType: hard

"@types/emscripten@npm:^1.38.0":
  version: 1.39.4
  resolution: "@types/emscripten@npm:1.39.4"
  checksum: 7a51e08b2230b9b8f29db095703499c0c7a8e8195d5de288fc8583f4599f07172d700df89931e26eaab4f54ccc114d266373da6d15a711ef7a41b2dd6d450ccf
  languageName: node
  linkType: hard

"@types/http-cache-semantics@npm:*":
  version: 4.0.0
  resolution: "@types/http-cache-semantics@npm:4.0.0"
  checksum: c820774eb1d9d8d0c13077834e870cc1afd2500dc9d0ac1b67abc050c7c115aee4024f90fda65b50babc258de0464fc4459709e4fa12552f65094328e5a551c6
  languageName: node
  linkType: hard

"@types/keyv@npm:*":
  version: 3.1.1
  resolution: "@types/keyv@npm:3.1.1"
  dependencies:
    "@types/node": "*"
  checksum: ee0d098693bf4af44be756eed02daf95f5d0fd4b5b02da952a5952e08842baddf6a986a9ea5f9e460729782f1a0a47848c892ad96ea188b66a363feb49a1536f
  languageName: node
  linkType: hard

"@types/lodash.snakecase@npm:^4.1.6":
  version: 4.1.6
  resolution: "@types/lodash.snakecase@npm:4.1.6"
  dependencies:
    "@types/lodash": "*"
  checksum: 0be8d3b8f9b2304ad86f284587a95a3625fa121daad2a3ef00104df3b4d617165a6ff3e4d52ac1c6abaf6187a2d5a59e69ee20a369dc66b91a1e949377e2c846
  languageName: node
  linkType: hard

"@types/lodash@npm:*":
  version: 4.14.168
  resolution: "@types/lodash@npm:4.14.168"
  checksum: 3326966ee089debde7a7d819e13b64991756e879945852c3357df14a7be837130f697c2cb451be9dd599eb7213fed0975bc9ca0f8f56b46fa73c46a83815b79c
  languageName: node
  linkType: hard

"@types/node@npm:*":
  version: 14.14.37
  resolution: "@types/node@npm:14.14.37"
  checksum: 647e671ac3815f428a07ae9353ebab93c5335d4d0a461ca837a79eebf55c04f28bee80f0c43881cdd8696f595feb112bc8eb74f6124125e02f79a7677374c187
  languageName: node
  linkType: hard

"@types/node@npm:^13.7.0":
  version: 13.13.48
  resolution: "@types/node@npm:13.13.48"
  checksum: 2c441c25a5012ce4c4c4b5b1fd4d162c958ea68d6532b30e88e1773c427c9d6971156956d4a3570cb7b057678993bc0aac9a1e023ea0ebe126e679f012659e8f
  languageName: node
  linkType: hard

"@types/responselike@npm:*, @types/responselike@npm:^1.0.0":
  version: 1.0.0
  resolution: "@types/responselike@npm:1.0.0"
  dependencies:
    "@types/node": "*"
  checksum: e99fc7cc6265407987b30deda54c1c24bb1478803faf6037557a774b2f034c5b097ffd65847daa87e82a61a250d919f35c3588654b0fdaa816906650f596d1b0
  languageName: node
  linkType: hard

"@types/semver@npm:^7.1.0":
  version: 7.3.4
  resolution: "@types/semver@npm:7.3.4"
  checksum: 577dc7f607fbf46cf185f61ba726e4cfecea41c4b17e55069e70a64b6cd92658f8286aa075a607303455658e87ed045d3d14c32a513c0eff381d64aecd7b72a7
  languageName: node
  linkType: hard

"@types/treeify@npm:^1.0.0":
  version: 1.0.0
  resolution: "@types/treeify@npm:1.0.0"
  checksum: 1b2397030d13beee7f82b878ca80feeddb0d550a6b00d8be30082a370c0ac5985ecf7b9378cf93ea278ff00c3e900b416ae8d9379f2c7e8caecdece1dfc77380
  languageName: node
  linkType: hard

"@yarnpkg/core@npm:^2.4.0":
  version: 2.4.0
  resolution: "@yarnpkg/core@npm:2.4.0"
  dependencies:
    "@arcanis/slice-ansi": ^1.0.2
    "@types/semver": ^7.1.0
    "@types/treeify": ^1.0.0
    "@yarnpkg/fslib": ^2.4.0
    "@yarnpkg/json-proxy": ^2.1.0
    "@yarnpkg/libzip": ^2.2.1
    "@yarnpkg/parsers": ^2.3.0
    "@yarnpkg/pnp": ^2.3.2
    "@yarnpkg/shell": ^2.4.1
    binjumper: ^0.1.4
    camelcase: ^5.3.1
    chalk: ^3.0.0
    ci-info: ^2.0.0
    clipanion: ^2.6.2
    cross-spawn: 7.0.3
    diff: ^4.0.1
    globby: ^11.0.1
    got: ^11.7.0
    json-file-plus: ^3.3.1
    lodash: ^4.17.15
    micromatch: ^4.0.2
    mkdirp: ^0.5.1
    p-limit: ^2.2.0
    pluralize: ^7.0.0
    pretty-bytes: ^5.1.0
    semver: ^7.1.2
    stream-to-promise: ^2.2.0
    tar-stream: ^2.0.1
    treeify: ^1.1.0
    tslib: ^1.13.0
    tunnel: ^0.0.6
  checksum: daf5b01f0873c392a112fc9c358d456d80d0ffe34045ba7df360de96bea0788d6b96d6dceadaac5fe7ac1546211b783f79aa9a3678a889d7f0b0a4a8223bfc0c
  languageName: node
  linkType: hard

"@yarnpkg/fslib@npm:^2.1.0, @yarnpkg/fslib@npm:^2.4.0":
  version: 2.4.0
  resolution: "@yarnpkg/fslib@npm:2.4.0"
  dependencies:
    "@yarnpkg/libzip": ^2.2.1
    tslib: ^1.13.0
  checksum: 97f787d9b56a4a44a12eedb3a1c0195080c910c8162028883fbc1dc74494b7d61b5fb90430f8b4fb77651994209fc9e83c2792909156306d6050dc257cfa6937
  languageName: node
  linkType: hard

"@yarnpkg/json-proxy@npm:^2.1.0":
  version: 2.1.0
  resolution: "@yarnpkg/json-proxy@npm:2.1.0"
  dependencies:
    "@yarnpkg/fslib": ^2.1.0
    tslib: ^1.13.0
  checksum: f381d7be9da2d1414706e66ba3f593c78c6eabeb2aea95f9905a332689d654e840676dd0fbe6580eb451bb31eeba015ddab653281006b66e95ce5ebe1e8971b2
  languageName: node
  linkType: hard

"@yarnpkg/libzip@npm:^2.2.1":
  version: 2.2.1
  resolution: "@yarnpkg/libzip@npm:2.2.1"
  dependencies:
    "@types/emscripten": ^1.38.0
    tslib: ^1.13.0
  checksum: 396f6d22f5b159ada98636436189a7059b6914f1c788e6cf5a7b50a5a1cab65557cb2b2b1ab04fac1c05006370312e9aa23887ad3e7e8d8d73409e9c0b9c0888
  languageName: node
  linkType: hard

"@yarnpkg/parsers@npm:^2.3.0":
  version: 2.3.0
  resolution: "@yarnpkg/parsers@npm:2.3.0"
  dependencies:
    js-yaml: ^3.10.0
    tslib: ^1.13.0
  checksum: c304b30bfb3431cfce02dc81def9a2c95535fe2d70b33f41f146a302d0dc8daefdd817d2a7fc04373d90c0acc8ad0d698ff91a4d195b27b3c5364052c2212827
  languageName: node
  linkType: hard

"@yarnpkg/pnp@npm:^2.3.2":
  version: 2.3.2
  resolution: "@yarnpkg/pnp@npm:2.3.2"
  dependencies:
    "@types/node": ^13.7.0
    "@yarnpkg/fslib": ^2.4.0
    tslib: ^1.13.0
  checksum: 114b0cf90942e34d1a0ffee4648be2a29512f402a892da88dd48a9d45f346dba93bed6aa8c175cd720458826eec7e18d9116cb228bd0182fcc5010a6f2a67228
  languageName: node
  linkType: hard

"@yarnpkg/pnpify@npm:^2.4.0":
  version: 2.4.0
  resolution: "@yarnpkg/pnpify@npm:2.4.0"
  dependencies:
    "@yarnpkg/core": ^2.4.0
    "@yarnpkg/fslib": ^2.4.0
    "@yarnpkg/parsers": ^2.3.0
    chalk: ^3.0.0
    clipanion: ^2.6.2
    comment-json: ^2.2.0
    lodash: ^4.17.15
    tslib: ^1.13.0
  peerDependencies:
    eslint: "*"
    typescript: "*"
  peerDependenciesMeta:
    eslint:
      optional: true
    typescript:
      optional: true
  bin:
    pnpify: ./lib/cli.js
  checksum: f0f68b9beaf733243821102e3bef63645050f350aa2291b19b550cb15342c157b0a87c230894d4ecd23c98b5139520faaf0584d64b696be913df9c060bd9a5c3
  languageName: node
  linkType: hard

"@yarnpkg/shell@npm:^2.4.1":
  version: 2.4.1
  resolution: "@yarnpkg/shell@npm:2.4.1"
  dependencies:
    "@yarnpkg/fslib": ^2.4.0
    "@yarnpkg/parsers": ^2.3.0
    clipanion: ^2.6.2
    cross-spawn: 7.0.3
    fast-glob: ^3.2.2
    micromatch: ^4.0.2
    stream-buffers: ^3.0.2
    tslib: ^1.13.0
  bin:
    shell: ./lib/cli.js
  checksum: f09490ce973c7103e1c9ac973172ecb038e2975add0c02bb8b4bd1926290188bedf9ba353b253dead5b1f9b31b09e2bb68c769a1d397795737a2662b35574be3
  languageName: node
  linkType: hard

"ansi-styles@npm:^4.1.0":
  version: 4.3.0
  resolution: "ansi-styles@npm:4.3.0"
  dependencies:
    color-convert: ^2.0.1
  checksum: 513b44c3b2105dd14cc42a19271e80f386466c4be574bccf60b627432f9198571ebf4ab1e4c3ba17347658f4ee1711c163d574248c0c1cdc2d5917a0ad582ec4
  languageName: node
  linkType: hard

"any-promise@npm:^1.1.0, any-promise@npm:~1.3.0":
  version: 1.3.0
  resolution: "any-promise@npm:1.3.0"
  checksum: 0ee8a9bdbe882c90464d75d1f55cf027f5458650c4bd1f0467e65aec38ccccda07ca5844969ee77ed46d04e7dded3eaceb027e8d32f385688523fe305fa7e1de
  languageName: node
  linkType: hard

"argparse@npm:^1.0.7":
  version: 1.0.10
  resolution: "argparse@npm:1.0.10"
  dependencies:
    sprintf-js: ~1.0.2
  checksum: 7ca6e45583a28de7258e39e13d81e925cfa25d7d4aacbf806a382d3c02fcb13403a07fb8aeef949f10a7cfe4a62da0e2e807b348a5980554cc28ee573ef95945
  languageName: node
  linkType: hard

"array-union@npm:^2.1.0":
  version: 2.1.0
  resolution: "array-union@npm:2.1.0"
  checksum: 5bee12395cba82da674931df6d0fea23c4aa4660cb3b338ced9f828782a65caa232573e6bf3968f23e0c5eb301764a382cef2f128b170a9dc59de0e36c39f98d
  languageName: node
  linkType: hard

"asap@npm:~2.0.3":
  version: 2.0.6
  resolution: "asap@npm:2.0.6"
  checksum: b296c92c4b969e973260e47523207cd5769abd27c245a68c26dc7a0fe8053c55bb04360237cb51cab1df52be939da77150ace99ad331fb7fb13b3423ed73ff3d
  languageName: node
  linkType: hard

"base64-js@npm:^1.3.1":
  version: 1.5.1
  resolution: "base64-js@npm:1.5.1"
  checksum: 669632eb3745404c2f822a18fc3a0122d2f9a7a13f7fb8b5823ee19d1d2ff9ee5b52c53367176ea4ad093c332fd5ab4bd0ebae5a8e27917a4105a4cfc86b1005
  languageName: node
  linkType: hard

"binjumper@npm:^0.1.4":
  version: 0.1.4
  resolution: "binjumper@npm:0.1.4"
  checksum: d956dd2a013d1475cd6f6a12c50a62ddbd5051ef441b001b42ec721a6b0323b0a132a6f9b98912078f54c97c35882684c7cee072d3d53372bfc8d93f02b66a71
  languageName: node
  linkType: hard

"bl@npm:^4.0.3":
  version: 4.1.0
  resolution: "bl@npm:4.1.0"
  dependencies:
    buffer: ^5.5.0
    inherits: ^2.0.4
    readable-stream: ^3.4.0
  checksum: 9e8521fa7e83aa9427c6f8ccdcba6e8167ef30cc9a22df26effcc5ab682ef91d2cbc23a239f945d099289e4bbcfae7a192e9c28c84c6202e710a0dfec3722662
  languageName: node
  linkType: hard

"braces@npm:^3.0.1":
  version: 3.0.2
  resolution: "braces@npm:3.0.2"
  dependencies:
    fill-range: ^7.0.1
  checksum: e2a8e769a863f3d4ee887b5fe21f63193a891c68b612ddb4b68d82d1b5f3ff9073af066c343e9867a393fe4c2555dcb33e89b937195feb9c1613d259edfcd459
  languageName: node
  linkType: hard

"buffer@npm:^5.5.0":
  version: 5.7.1
  resolution: "buffer@npm:5.7.1"
  dependencies:
    base64-js: ^1.3.1
    ieee754: ^1.1.13
  checksum: e2cf8429e1c4c7b8cbd30834ac09bd61da46ce35f5c22a78e6c2f04497d6d25541b16881e30a019c6fd3154150650ccee27a308eff3e26229d788bbdeb08ab84
  languageName: node
  linkType: hard

"cacheable-lookup@npm:^5.0.3":
  version: 5.0.4
  resolution: "cacheable-lookup@npm:5.0.4"
  checksum: 763e02cf9196bc9afccacd8c418d942fc2677f22261969a4c2c2e760fa44a2351a81557bd908291c3921fe9beb10b976ba8fa50c5ca837c5a0dd945f16468f2d
  languageName: node
  linkType: hard

"cacheable-request@npm:^7.0.1":
  version: 7.0.1
  resolution: "cacheable-request@npm:7.0.1"
  dependencies:
    clone-response: ^1.0.2
    get-stream: ^5.1.0
    http-cache-semantics: ^4.0.0
    keyv: ^4.0.0
    lowercase-keys: ^2.0.0
    normalize-url: ^4.1.0
    responselike: ^2.0.0
  checksum: 558cbc4785c9692953c4c62c0afafe3071912a06778b14daa212ef1e220d338c86c956661572c172f73315e0a30ecc8797bae975f3cfd19e2e7c3bf341c6291e
  languageName: node
  linkType: hard

"call-bind@npm:^1.0.0":
  version: 1.0.2
  resolution: "call-bind@npm:1.0.2"
  dependencies:
    function-bind: ^1.1.1
    get-intrinsic: ^1.0.2
  checksum: f8e31de9d19988a4b80f3e704788c4a2d6b6f3d17cfec4f57dc29ced450c53a49270dc66bf0fbd693329ee948dd33e6c90a329519aef17474a4d961e8d6426b0
  languageName: node
  linkType: hard

"camelcase@npm:^5.3.1":
  version: 5.3.1
  resolution: "camelcase@npm:5.3.1"
  checksum: e6effce26b9404e3c0f301498184f243811c30dfe6d0b9051863bd8e4034d09c8c2923794f280d6827e5aa055f6c434115ff97864a16a963366fb35fd673024b
  languageName: node
  linkType: hard

"chalk@npm:^3.0.0":
  version: 3.0.0
  resolution: "chalk@npm:3.0.0"
  dependencies:
    ansi-styles: ^4.1.0
    supports-color: ^7.1.0
  checksum: 8e3ddf3981c4da405ddbd7d9c8d91944ddf6e33d6837756979f7840a29272a69a5189ecae0ff84006750d6d1e92368d413335eab4db5476db6e6703a1d1e0505
  languageName: node
  linkType: hard

"ci-info@npm:^2.0.0":
  version: 2.0.0
  resolution: "ci-info@npm:2.0.0"
  checksum: 3b374666a85ea3ca43fa49aa3a048d21c9b475c96eb13c133505d2324e7ae5efd6a454f41efe46a152269e9b6a00c9edbe63ec7fa1921957165aae16625acd67
  languageName: node
  linkType: hard

"clipanion@npm:^2.6.2":
  version: 2.6.2
  resolution: "clipanion@npm:2.6.2"
  checksum: 7a1dfc8c9ae70362fc12a8d148827b584f598c9f983143a847b33a84ec8a8c3a51e5888131a3e9847cddfa38096d17a38ced870ee2fd4bef5babb971ec198287
  languageName: node
  linkType: hard

"clone-response@npm:^1.0.2":
  version: 1.0.2
  resolution: "clone-response@npm:1.0.2"
  dependencies:
    mimic-response: ^1.0.0
  checksum: 2d0e61547fc66276e0903be9654ada422515f5a15741691352000d47e8c00c226061221074ce2c0064d12e975e84a8687cfd35d8b405750cb4e772f87b256eda
  languageName: node
  linkType: hard

"color-convert@npm:^2.0.1":
  version: 2.0.1
  resolution: "color-convert@npm:2.0.1"
  dependencies:
    color-name: ~1.1.4
  checksum: 79e6bdb9fd479a205c71d89574fccfb22bd9053bd98c6c4d870d65c132e5e904e6034978e55b43d69fcaa7433af2016ee203ce76eeba9cfa554b373e7f7db336
  languageName: node
  linkType: hard

"color-name@npm:~1.1.4":
  version: 1.1.4
  resolution: "color-name@npm:1.1.4"
  checksum: b0445859521eb4021cd0fb0cc1a75cecf67fceecae89b63f62b201cca8d345baf8b952c966862a9d9a2632987d4f6581f0ec8d957dfacece86f0a7919316f610
  languageName: node
  linkType: hard

"comment-json@npm:^2.2.0":
  version: 2.4.2
  resolution: "comment-json@npm:2.4.2"
  dependencies:
    core-util-is: ^1.0.2
    esprima: ^4.0.1
    has-own-prop: ^2.0.0
    repeat-string: ^1.6.1
  checksum: 1e52aa6ddc7aaab4b66b2fbca8758f1035c9ea42bacf7ccd3c446a46b635fff83366cd8a490043675a345402a13675a9e22581671ebbd202e6987ecb6d4d5280
  languageName: node
  linkType: hard

"core-util-is@npm:^1.0.2":
  version: 1.0.2
  resolution: "core-util-is@npm:1.0.2"
  checksum: 7a4c925b497a2c91421e25bf76d6d8190f0b2359a9200dbeed136e63b2931d6294d3b1893eda378883ed363cd950f44a12a401384c609839ea616befb7927dab
  languageName: node
  linkType: hard

"cross-spawn@npm:7.0.3":
  version: 7.0.3
  resolution: "cross-spawn@npm:7.0.3"
  dependencies:
    path-key: ^3.1.0
    shebang-command: ^2.0.0
    which: ^2.0.1
  checksum: 671cc7c7288c3a8406f3c69a3ae2fc85555c04169e9d611def9a675635472614f1c0ed0ef80955d5b6d4e724f6ced67f0ad1bb006c2ea643488fcfef994d7f52
  languageName: node
  linkType: hard

"decompress-response@npm:^6.0.0":
  version: 6.0.0
  resolution: "decompress-response@npm:6.0.0"
  dependencies:
    mimic-response: ^3.1.0
  checksum: d377cf47e02d805e283866c3f50d3d21578b779731e8c5072d6ce8c13cc31493db1c2f6784da9d1d5250822120cefa44f1deab112d5981015f2e17444b763812
  languageName: node
  linkType: hard

"defer-to-connect@npm:^2.0.0":
  version: 2.0.1
  resolution: "defer-to-connect@npm:2.0.1"
  checksum: 8a9b50d2f25446c0bfefb55a48e90afd58f85b21bcf78e9207cd7b804354f6409032a1705c2491686e202e64fc05f147aa5aa45f9aa82627563f045937f5791b
  languageName: node
  linkType: hard

"define-properties@npm:^1.1.3":
  version: 1.1.3
  resolution: "define-properties@npm:1.1.3"
  dependencies:
    object-keys: ^1.0.12
  checksum: da80dba55d0cd76a5a7ab71ef6ea0ebcb7b941f803793e4e0257b384cb772038faa0c31659d244e82c4342edef841c1a1212580006a05a5068ee48223d787317
  languageName: node
  linkType: hard

"diff@npm:^4.0.1":
  version: 4.0.2
  resolution: "diff@npm:4.0.2"
  checksum: f2c09b0ce4e6b301c221addd83bf3f454c0bc00caa3dd837cf6c127d6edf7223aa2bbe3b688feea110b7f262adbfc845b757c44c8a9f8c0c5b15d8fa9ce9d20d
  languageName: node
  linkType: hard

"dir-glob@npm:^3.0.1":
  version: 3.0.1
  resolution: "dir-glob@npm:3.0.1"
  dependencies:
    path-type: ^4.0.0
  checksum: fa05e18324510d7283f55862f3161c6759a3f2f8dbce491a2fc14c8324c498286c54282c1f0e933cb930da8419b30679389499b919122952a4f8592362ef4615
  languageName: node
  linkType: hard

"end-of-stream@npm:^1.1.0, end-of-stream@npm:^1.4.1":
  version: 1.4.4
  resolution: "end-of-stream@npm:1.4.4"
  dependencies:
    once: ^1.4.0
  checksum: 530a5a5a1e517e962854a31693dbb5c0b2fc40b46dad2a56a2deec656ca040631124f4795823acc68238147805f8b021abbe221f4afed5ef3c8e8efc2024908b
  languageName: node
  linkType: hard

"end-of-stream@npm:~1.1.0":
  version: 1.1.0
  resolution: "end-of-stream@npm:1.1.0"
  dependencies:
    once: ~1.3.0
  checksum: 9fa637e259e50e5e3634e8e14064a183bd0d407733594631362f9df596409739bef5f7064840e6725212a9edc8b4a70a5a3088ac423e8564f9dc183dd098c719
  languageName: node
  linkType: hard

"esprima@npm:^4.0.0, esprima@npm:^4.0.1":
  version: 4.0.1
  resolution: "esprima@npm:4.0.1"
  bin:
    esparse: ./bin/esparse.js
    esvalidate: ./bin/esvalidate.js
  checksum: b45bc805a613dbea2835278c306b91aff6173c8d034223fa81498c77dcbce3b2931bf6006db816f62eacd9fd4ea975dfd85a5b7f3c6402cfd050d4ca3c13a628
  languageName: node
  linkType: hard

"fast-glob@npm:^3.1.1, fast-glob@npm:^3.2.2":
  version: 3.2.5
  resolution: "fast-glob@npm:3.2.5"
  dependencies:
    "@nodelib/fs.stat": ^2.0.2
    "@nodelib/fs.walk": ^1.2.3
    glob-parent: ^5.1.0
    merge2: ^1.3.0
    micromatch: ^4.0.2
    picomatch: ^2.2.1
  checksum: 5d6772c9b63dbb739d60b5630851e1f2cbf9744119e0968eac44c9f8cbc2d3d5cb4f2f0c74715ccb23daa336c87bea42186ed367e6c991afee61cd3d967320eb
  languageName: node
  linkType: hard

"fastq@npm:^1.6.0":
  version: 1.11.0
  resolution: "fastq@npm:1.11.0"
  dependencies:
    reusify: ^1.0.4
  checksum: 9db0ceea9280c5f207da40c562a4e574913c18933cd74b880b01bf8e81a9a6e368ec71e89c9c1b9f4066d0275cc22600efd6dde87f713217acbf67076481734b
  languageName: node
  linkType: hard

"fill-range@npm:^7.0.1":
  version: 7.0.1
  resolution: "fill-range@npm:7.0.1"
  dependencies:
    to-regex-range: ^5.0.1
  checksum: cc283f4e65b504259e64fd969bcf4def4eb08d85565e906b7d36516e87819db52029a76b6363d0f02d0d532f0033c9603b9e2d943d56ee3b0d4f7ad3328ff917
  languageName: node
  linkType: hard

"fs-constants@npm:^1.0.0":
  version: 1.0.0
  resolution: "fs-constants@npm:1.0.0"
  checksum: 18f5b718371816155849475ac36c7d0b24d39a11d91348cfcb308b4494824413e03572c403c86d3a260e049465518c4f0d5bd00f0371cdfcad6d4f30a85b350d
  languageName: node
  linkType: hard

"function-bind@npm:^1.1.1":
  version: 1.1.1
  resolution: "function-bind@npm:1.1.1"
  checksum: b32fbaebb3f8ec4969f033073b43f5c8befbb58f1a79e12f1d7490358150359ebd92f49e72ff0144f65f2c48ea2a605bff2d07965f548f6474fd8efd95bf361a
  languageName: node
  linkType: hard

"get-intrinsic@npm:^1.0.2":
  version: 1.1.1
  resolution: "get-intrinsic@npm:1.1.1"
  dependencies:
    function-bind: ^1.1.1
    has: ^1.0.3
    has-symbols: ^1.0.1
  checksum: a9fe2ca8fa3f07f9b0d30fb202bcd01f3d9b9b6b732452e79c48e79f7d6d8d003af3f9e38514250e3553fdc83c61650851cb6870832ac89deaaceb08e3721a17
  languageName: node
  linkType: hard

"get-stream@npm:^5.1.0":
  version: 5.2.0
  resolution: "get-stream@npm:5.2.0"
  dependencies:
    pump: ^3.0.0
  checksum: 8bc1a23174a06b2b4ce600df38d6c98d2ef6d84e020c1ddad632ad75bac4e092eeb40e4c09e0761c35fc2dbc5e7fff5dab5e763a383582c4a167dd69a905bd12
  languageName: node
  linkType: hard

"glob-parent@npm:^5.1.0":
  version: 5.1.2
  resolution: "glob-parent@npm:5.1.2"
  dependencies:
    is-glob: ^4.0.1
  checksum: f4f2bfe2425296e8a47e36864e4f42be38a996db40420fe434565e4480e3322f18eb37589617a98640c5dc8fdec1a387007ee18dbb1f3f5553409c34d17f425e
  languageName: node
  linkType: hard

"globby@npm:^11.0.1":
  version: 11.0.3
  resolution: "globby@npm:11.0.3"
  dependencies:
    array-union: ^2.1.0
    dir-glob: ^3.0.1
    fast-glob: ^3.1.1
    ignore: ^5.1.4
    merge2: ^1.3.0
    slash: ^3.0.0
  checksum: 7d0d3e1bcb618730c8c45edb7c0067f048e1d6a6f561bfaf9c6fb5dd8274ac98b0e1e08109a160a9da1c8f1a9ab692ed36ba719517731f4ed1b29ac203992392
  languageName: node
  linkType: hard

"got@npm:^11.7.0":
  version: 11.8.2
  resolution: "got@npm:11.8.2"
  dependencies:
    "@sindresorhus/is": ^4.0.0
    "@szmarczak/http-timer": ^4.0.5
    "@types/cacheable-request": ^6.0.1
    "@types/responselike": ^1.0.0
    cacheable-lookup: ^5.0.3
    cacheable-request: ^7.0.1
    decompress-response: ^6.0.0
    http2-wrapper: ^1.0.0-beta.5.2
    lowercase-keys: ^2.0.0
    p-cancelable: ^2.0.0
    responselike: ^2.0.0
  checksum: 41ad7bf74f7ec18bca81997ea0a6c8b6b75405cc3ba76d49c5d9d4658cad200d5a9fa7b0a13058458d0df6bed217baabd122d5d351c6bc6996514a5e428744bb
  languageName: node
  linkType: hard

"grapheme-splitter@npm:^1.0.4":
  version: 1.0.4
  resolution: "grapheme-splitter@npm:1.0.4"
  checksum: 0c22ec54dee1b05cd480f78cf14f732cb5b108edc073572c4ec205df4cd63f30f8db8025afc5debc8835a8ddeacf648a1c7992fe3dcd6ad38f9a476d84906620
  languageName: node
  linkType: hard

"has-flag@npm:^4.0.0":
  version: 4.0.0
  resolution: "has-flag@npm:4.0.0"
  checksum: 261a1357037ead75e338156b1f9452c016a37dcd3283a972a30d9e4a87441ba372c8b81f818cd0fbcd9c0354b4ae7e18b9e1afa1971164aef6d18c2b6095a8ad
  languageName: node
  linkType: hard

"has-own-prop@npm:^2.0.0":
  version: 2.0.0
  resolution: "has-own-prop@npm:2.0.0"
  checksum: ca6336e85ead2295c9603880cbc199e2d3ff7eaea0e9035d68fbc79892e9cf681abc62c0909520f112c671dad9961be2173b21dff951358cc98425c560e789e0
  languageName: node
  linkType: hard

"has-symbols@npm:^1.0.1":
  version: 1.0.2
  resolution: "has-symbols@npm:1.0.2"
  checksum: 2309c426071731be792b5be43b3da6fb4ed7cbe8a9a6bcfca1862587709f01b33d575ce8f5c264c1eaad09fca2f9a8208c0a2be156232629daa2dd0c0740976b
  languageName: node
  linkType: hard

"has@npm:^1.0.3":
  version: 1.0.3
  resolution: "has@npm:1.0.3"
  dependencies:
    function-bind: ^1.1.1
  checksum: b9ad53d53be4af90ce5d1c38331e712522417d017d5ef1ebd0507e07c2fbad8686fffb8e12ddecd4c39ca9b9b47431afbb975b8abf7f3c3b82c98e9aad052792
  languageName: node
  linkType: hard

"http-cache-semantics@npm:^4.0.0":
  version: 4.1.0
  resolution: "http-cache-semantics@npm:4.1.0"
  checksum: 974de94a81c5474be07f269f9fd8383e92ebb5a448208223bfb39e172a9dbc26feff250192ecc23b9593b3f92098e010406b0f24bd4d588d631f80214648ed42
  languageName: node
  linkType: hard

"http2-wrapper@npm:^1.0.0-beta.5.2":
  version: 1.0.3
  resolution: "http2-wrapper@npm:1.0.3"
  dependencies:
    quick-lru: ^5.1.1
    resolve-alpn: ^1.0.0
  checksum: 74160b862ec699e3f859739101ff592d52ce1cb207b7950295bf7962e4aa1597ef709b4292c673bece9c9b300efad0559fc86c71b1409c7a1e02b7229456003e
  languageName: node
  linkType: hard

"ieee754@npm:^1.1.13":
  version: 1.2.1
  resolution: "ieee754@npm:1.2.1"
  checksum: 5144c0c9815e54ada181d80a0b810221a253562422e7c6c3a60b1901154184f49326ec239d618c416c1c5945a2e197107aee8d986a3dd836b53dffefd99b5e7e
  languageName: node
  linkType: hard

"ignore@npm:^5.1.4":
  version: 5.1.8
  resolution: "ignore@npm:5.1.8"
  checksum: 967abadb61e2cb0e5c5e8c4e1686ab926f91bc1a4680d994b91947d3c65d04c3ae126dcdf67f08e0feeb8ff8407d453e641aeeddcc47a3a3cca359f283cf6121
  languageName: node
  linkType: hard

"inherits@npm:^2.0.3, inherits@npm:^2.0.4":
  version: 2.0.4
  resolution: "inherits@npm:2.0.4"
  checksum: 4a48a733847879d6cf6691860a6b1e3f0f4754176e4d71494c41f3475553768b10f84b5ce1d40fbd0e34e6bfbb864ee35858ad4dd2cf31e02fc4a154b724d7f1
  languageName: node
  linkType: hard

"is-callable@npm:^1.1.5":
  version: 1.2.3
  resolution: "is-callable@npm:1.2.3"
  checksum: 084a732afd78e14a40cd5f6f34001edd500f43bb542991c1305b88842cab5f2fb6b48f0deed4cd72270b2e71cab3c3a56c69b324e3a02d486f937824bb7de553
  languageName: node
  linkType: hard

"is-extglob@npm:^2.1.1":
  version: 2.1.1
  resolution: "is-extglob@npm:2.1.1"
  checksum: df033653d06d0eb567461e58a7a8c9f940bd8c22274b94bf7671ab36df5719791aae15eef6d83bbb5e23283967f2f984b8914559d4449efda578c775c4be6f85
  languageName: node
  linkType: hard

"is-glob@npm:^4.0.1":
  version: 4.0.1
  resolution: "is-glob@npm:4.0.1"
  dependencies:
    is-extglob: ^2.1.1
  checksum: 84627cad11b4e745f5db5a163f32c47b711585a5ff6e14f8f8d026db87f4cdd3e2c95f6fa1f94ad22e469f36d819ae2814f03f9c668b164422ac3354a94672d3
  languageName: node
  linkType: hard

"is-number@npm:^7.0.0":
  version: 7.0.0
  resolution: "is-number@npm:7.0.0"
  checksum: 456ac6f8e0f3111ed34668a624e45315201dff921e5ac181f8ec24923b99e9f32ca1a194912dc79d539c97d33dba17dc635202ff0b2cf98326f608323276d27a
  languageName: node
  linkType: hard

"is@npm:^3.2.1":
  version: 3.3.0
  resolution: "is@npm:3.3.0"
  checksum: 81fad3b40c606984c2d0699207c4c48d2a0d29cc834b274d0b74c172f3eeebdb981301fe0d690ce090a96bf021a8a1f8b1325262ad9870c525e557ac4a559c56
  languageName: node
  linkType: hard

"isexe@npm:^2.0.0":
  version: 2.0.0
  resolution: "isexe@npm:2.0.0"
  checksum: 26bf6c5480dda5161c820c5b5c751ae1e766c587b1f951ea3fcfc973bafb7831ae5b54a31a69bd670220e42e99ec154475025a468eae58ea262f813fdc8d1c62
  languageName: node
  linkType: hard

"js-yaml@npm:^3.10.0":
  version: 3.14.1
  resolution: "js-yaml@npm:3.14.1"
  dependencies:
    argparse: ^1.0.7
    esprima: ^4.0.0
  bin:
    js-yaml: bin/js-yaml.js
  checksum: bef146085f472d44dee30ec34e5cf36bf89164f5d585435a3d3da89e52622dff0b188a580e4ad091c3341889e14cb88cac6e4deb16dc5b1e9623bb0601fc255c
  languageName: node
  linkType: hard

"json-buffer@npm:3.0.1":
  version: 3.0.1
  resolution: "json-buffer@npm:3.0.1"
  checksum: 9026b03edc2847eefa2e37646c579300a1f3a4586cfb62bf857832b60c852042d0d6ae55d1afb8926163fa54c2b01d83ae24705f34990348bdac6273a29d4581
  languageName: node
  linkType: hard

"json-file-plus@npm:^3.3.1":
  version: 3.3.1
  resolution: "json-file-plus@npm:3.3.1"
  dependencies:
    is: ^3.2.1
    node.extend: ^2.0.0
    object.assign: ^4.1.0
    promiseback: ^2.0.2
    safer-buffer: ^2.0.2
  checksum: 162c7a0c8f3e5a7eeea945aac4f2578c11567c87d3e2eafdd9db6972d1fc8657cc1e04b8a23ff3731759da794057a932f251a4db06a267abf5d181977753cf38
  languageName: node
  linkType: hard

"keyv@npm:^4.0.0":
  version: 4.0.3
  resolution: "keyv@npm:4.0.3"
  dependencies:
    json-buffer: 3.0.1
  checksum: 770134225c5320861748bf65f022e7ce100e465b85b28fe39036ef66f6190bb602aa8a57df365b9c745005d948fc1f0da99306062875a2f52700195e0b4d1033
  languageName: node
  linkType: hard

"lodash.snakecase@npm:^4.1.1":
  version: 4.1.1
  resolution: "lodash.snakecase@npm:4.1.1"
  checksum: 1685ed3e83dda6eae5a4dcaee161a51cd210aabb3e1c09c57150e7dd8feda19e4ca0d27d0631eabe8d0f4eaa51e376da64e8c018ae5415417c5890d42feb72a8
  languageName: node
  linkType: hard

"lodash@npm:^4.17.15":
  version: 4.17.21
  resolution: "lodash@npm:4.17.21"
  checksum: eb835a2e51d381e561e508ce932ea50a8e5a68f4ebdd771ea240d3048244a8d13658acbd502cd4829768c56f2e16bdd4340b9ea141297d472517b83868e677f7
  languageName: node
  linkType: hard

"lowercase-keys@npm:^2.0.0":
  version: 2.0.0
  resolution: "lowercase-keys@npm:2.0.0"
  checksum: 24d7ebd56ccdf15ff529ca9e08863f3c54b0b9d1edb97a3ae1af34940ae666c01a1e6d200707bce730a8ef76cb57cc10e65f245ecaaf7e6bc8639f2fb460ac23
  languageName: node
  linkType: hard

"lru-cache@npm:^6.0.0":
  version: 6.0.0
  resolution: "lru-cache@npm:6.0.0"
  dependencies:
    yallist: ^4.0.0
  checksum: f97f499f898f23e4585742138a22f22526254fdba6d75d41a1c2526b3b6cc5747ef59c5612ba7375f42aca4f8461950e925ba08c991ead0651b4918b7c978297
  languageName: node
  linkType: hard

"merge2@npm:^1.3.0":
  version: 1.4.1
  resolution: "merge2@npm:1.4.1"
  checksum: 7268db63ed5169466540b6fb947aec313200bcf6d40c5ab722c22e242f651994619bcd85601602972d3c85bd2cc45a358a4c61937e9f11a061919a1da569b0c2
  languageName: node
  linkType: hard

"micromatch@npm:^4.0.2":
  version: 4.0.2
  resolution: "micromatch@npm:4.0.2"
  dependencies:
    braces: ^3.0.1
    picomatch: ^2.0.5
  checksum: 39590a96d9ffad21f0afac044d0a5af4f33715a16fdd82c53a01c8f5ff6f70832a31b53e52972dac3deff8bf9f0bed0207d1c34e54ab3306a5e4c4efd5f7d249
  languageName: node
  linkType: hard

"mimic-response@npm:^1.0.0":
  version: 1.0.1
  resolution: "mimic-response@npm:1.0.1"
  checksum: 034c78753b0e622bc03c983663b1cdf66d03861050e0c8606563d149bc2b02d63f62ce4d32be4ab50d0553ae0ffe647fc34d1f5281184c6e1e8cf4d85e8d9823
  languageName: node
  linkType: hard

"mimic-response@npm:^3.1.0":
  version: 3.1.0
  resolution: "mimic-response@npm:3.1.0"
  checksum: 25739fee32c17f433626bf19f016df9036b75b3d84a3046c7d156e72ec963dd29d7fc8a302f55a3d6c5a4ff24259676b15d915aad6480815a969ff2ec0836867
  languageName: node
  linkType: hard

"minimist@npm:^1.2.5":
  version: 1.2.5
  resolution: "minimist@npm:1.2.5"
  checksum: 86706ce5b36c16bfc35c5fe3dbb01d5acdc9a22f2b6cc810b6680656a1d2c0e44a0159c9a3ba51fb072bb5c203e49e10b51dcd0eec39c481f4c42086719bae52
  languageName: node
  linkType: hard

"mkdirp@npm:^0.5.1":
  version: 0.5.5
  resolution: "mkdirp@npm:0.5.5"
  dependencies:
    minimist: ^1.2.5
  bin:
    mkdirp: bin/cmd.js
  checksum: 3bce20ea525f9477befe458ab85284b0b66c8dc3812f94155af07c827175948cdd8114852ac6c6d82009b13c1048c37f6d98743eb019651ee25c39acc8aabe7d
  languageName: node
  linkType: hard

"node.extend@npm:^2.0.0":
  version: 2.0.2
  resolution: "node.extend@npm:2.0.2"
  dependencies:
    has: ^1.0.3
    is: ^3.2.1
  checksum: 1fe3a1ca7fc35392f169c8a46d889d07deb201bba3a20d17df23efab509698c9639737b0c235c9be772a34035e749bae5d477f74c9e26a1b67c78bd7d6dce8e4
  languageName: node
  linkType: hard

"normalize-url@npm:^4.1.0":
  version: 4.5.0
  resolution: "normalize-url@npm:4.5.0"
  checksum: 34e9d01095df5c9348bf75f6cf0552c01438a29119aecdb747eead6ccd36a386209acdc093fc993edd32731b3056ff2977ffab44e4b8eed4d8aafdf0feae90c7
  languageName: node
  linkType: hard

"object-keys@npm:^1.0.12, object-keys@npm:^1.1.1":
  version: 1.1.1
  resolution: "object-keys@npm:1.1.1"
  checksum: b363c5e7644b1e1b04aa507e88dcb8e3a2f52b6ffd0ea801e4c7a62d5aa559affe21c55a07fd4b1fd55fc03a33c610d73426664b20032405d7b92a1414c34d6a
  languageName: node
  linkType: hard

"object.assign@npm:^4.1.0":
  version: 4.1.2
  resolution: "object.assign@npm:4.1.2"
  dependencies:
    call-bind: ^1.0.0
    define-properties: ^1.1.3
    has-symbols: ^1.0.1
    object-keys: ^1.1.1
  checksum: d621d832ed7b16ac74027adb87196804a500d80d9aca536fccb7ba48d33a7e9306a75f94c1d29cbfa324bc091bfc530bc24789568efdaee6a47fcfa298993814
  languageName: node
  linkType: hard

"once@npm:^1.3.1, once@npm:^1.4.0":
  version: 1.4.0
  resolution: "once@npm:1.4.0"
  dependencies:
    wrappy: 1
  checksum: cd0a88501333edd640d95f0d2700fbde6bff20b3d4d9bdc521bdd31af0656b5706570d6c6afe532045a20bb8dc0849f8332d6f2a416e0ba6d3d3b98806c7db68
  languageName: node
  linkType: hard

"once@npm:~1.3.0":
  version: 1.3.3
  resolution: "once@npm:1.3.3"
  dependencies:
    wrappy: 1
  checksum: 8e832de08b1d73b470e01690c211cb4fcefccab1fd1bd19e706d572d74d3e9b7e38a8bfcdabdd364f9f868757d9e8e5812a59817dc473eaf698ff3bfae2219f2
  languageName: node
  linkType: hard

"p-cancelable@npm:^2.0.0":
  version: 2.1.0
  resolution: "p-cancelable@npm:2.1.0"
  checksum: 109e3240777bf810e1fee961288519aa440e9eb34280ba4ce12033d579bdcaef4da2962224f10927a3886662adfefaf288c5fa4536edfee45ab5dedd9a4f3bcf
  languageName: node
  linkType: hard

"p-limit@npm:^2.2.0":
  version: 2.3.0
  resolution: "p-limit@npm:2.3.0"
  dependencies:
    p-try: ^2.0.0
  checksum: 84ff17f1a38126c3314e91ecfe56aecbf36430940e2873dadaa773ffe072dc23b7af8e46d4b6485d302a11673fe94c6b67ca2cfbb60c989848b02100d0594ac1
  languageName: node
  linkType: hard

"p-try@npm:^2.0.0":
  version: 2.2.0
  resolution: "p-try@npm:2.2.0"
  checksum: f8a8e9a7693659383f06aec604ad5ead237c7a261c18048a6e1b5b85a5f8a067e469aa24f5bc009b991ea3b058a87f5065ef4176793a200d4917349881216cae
  languageName: node
  linkType: hard

"path-key@npm:^3.1.0":
  version: 3.1.1
  resolution: "path-key@npm:3.1.1"
  checksum: 55cd7a9dd4b343412a8386a743f9c746ef196e57c823d90ca3ab917f90ab9f13dd0ded27252ba49dbdfcab2b091d998bc446f6220cd3cea65db407502a740020
  languageName: node
  linkType: hard

"path-type@npm:^4.0.0":
  version: 4.0.0
  resolution: "path-type@npm:4.0.0"
  checksum: 5b1e2daa247062061325b8fdbfd1fb56dde0a448fb1455453276ea18c60685bdad23a445dc148cf87bc216be1573357509b7d4060494a6fd768c7efad833ee45
  languageName: node
  linkType: hard

"picomatch@npm:^2.0.5, picomatch@npm:^2.2.1":
  version: 2.2.2
  resolution: "picomatch@npm:2.2.2"
  checksum: 897a589f94665b4fd93e075fa94893936afe3f7bbef44250f0e878a8d9d001972a79589cac2856c24f6f5aa3b0abc9c8ba00c98fae4dc22bc0117188864d4181
  languageName: node
  linkType: hard

"pluralize@npm:^7.0.0":
  version: 7.0.0
  resolution: "pluralize@npm:7.0.0"
  checksum: e3f694924b7c8c03dc9fa40b2312e17787998ac6e20fccace11efa1146046eb9931541bfd247b3ec5535e730d902a5aee7c32681d5bf9a00fc74a72039a3e609
  languageName: node
  linkType: hard

"prettier@npm:^2.2.1":
  version: 2.2.1
  resolution: "prettier@npm:2.2.1"
  bin:
    prettier: bin-prettier.js
  checksum: 800de2df3d37067ab24478c7f32c60ca0c57b01742133287829feeb4a70d239a7bf6bccb56196784777af591ad80fb9ba70c1a49b0fcecf9f5622a764d513edb
  languageName: node
  linkType: hard

"pretty-bytes@npm:^5.1.0":
  version: 5.6.0
  resolution: "pretty-bytes@npm:5.6.0"
  checksum: 9c082500d1e93434b5b291bd651662936b8bd6204ec9fa17d563116a192d6d86b98f6d328526b4e8d783c07d5499e2614a807520249692da9ec81564b2f439cd
  languageName: node
  linkType: hard

"promise-deferred@npm:^2.0.3":
  version: 2.0.3
  resolution: "promise-deferred@npm:2.0.3"
  dependencies:
    promise: ^7.3.1
  checksum: 2e640ddd1e21da2543d66e589d6fa970eca8fa3a1e88629db3cd095cb77427536cdc426646bd092f6db05ff5e28e29f0ad87fb4e44d7529af9914e8e4b9e9899
  languageName: node
  linkType: hard

"promise@npm:^7.3.1":
  version: 7.3.1
  resolution: "promise@npm:7.3.1"
  dependencies:
    asap: ~2.0.3
  checksum: 475bb069130179fbd27ed2ab45f26d8862376a137a57314cf53310bdd85cc986a826fd585829be97ebc0aaf10e9d8e68be1bfe5a4a0364144b1f9eedfa940cf1
  languageName: node
  linkType: hard

"promiseback@npm:^2.0.2":
  version: 2.0.3
  resolution: "promiseback@npm:2.0.3"
  dependencies:
    is-callable: ^1.1.5
    promise-deferred: ^2.0.3
  checksum: c4d75176df643be766cd11fca2df38fac83e62a1c5a9e3d5c89acb4d32080ce7f14c74b6794e8ea1d15687edb88df60404882105a47e27aecfa7e45800f68464
  languageName: node
  linkType: hard

"pump@npm:^3.0.0":
  version: 3.0.0
  resolution: "pump@npm:3.0.0"
  dependencies:
    end-of-stream: ^1.1.0
    once: ^1.3.1
  checksum: e42e9229fba14732593a718b04cb5e1cfef8254544870997e0ecd9732b189a48e1256e4e5478148ecb47c8511dca2b09eae56b4d0aad8009e6fac8072923cfc9
  languageName: node
  linkType: hard

"queue-microtask@npm:^1.2.2":
  version: 1.2.3
  resolution: "queue-microtask@npm:1.2.3"
  checksum: b676f8c040cdc5b12723ad2f91414d267605b26419d5c821ff03befa817ddd10e238d22b25d604920340fd73efd8ba795465a0377c4adf45a4a41e4234e42dc4
  languageName: node
  linkType: hard

"quick-lru@npm:^5.1.1":
  version: 5.1.1
  resolution: "quick-lru@npm:5.1.1"
  checksum: a516faa25574be7947969883e6068dbe4aa19e8ef8e8e0fd96cddd6d36485e9106d85c0041a27153286b0770b381328f4072aa40d3b18a19f5f7d2b78b94b5ed
  languageName: node
  linkType: hard

"readable-stream@npm:^3.1.1, readable-stream@npm:^3.4.0":
  version: 3.6.0
  resolution: "readable-stream@npm:3.6.0"
  dependencies:
    inherits: ^2.0.3
    string_decoder: ^1.1.1
    util-deprecate: ^1.0.1
  checksum: d4ea81502d3799439bb955a3a5d1d808592cf3133350ed352aeaa499647858b27b1c4013984900238b0873ec8d0d8defce72469fb7a83e61d53f5ad61cb80dc8
  languageName: node
  linkType: hard

"repeat-string@npm:^1.6.1":
  version: 1.6.1
  resolution: "repeat-string@npm:1.6.1"
  checksum: 1b809fc6db97decdc68f5b12c4d1a671c8e3f65ec4a40c238bc5200e44e85bcc52a54f78268ab9c29fcf5fe4f1343e805420056d1f30fa9a9ee4c2d93e3cc6c0
  languageName: node
  linkType: hard

"resolve-alpn@npm:^1.0.0":
  version: 1.0.0
  resolution: "resolve-alpn@npm:1.0.0"
  checksum: 146b739f14fad759bc137e7642b4859a7d7a290b61e00db37a468f159932ccefe610006604e6aa7ba2a2991cbd627246f0c74717e8942b7c805c346da35c3f3f
  languageName: node
  linkType: hard

"responselike@npm:^2.0.0":
  version: 2.0.0
  resolution: "responselike@npm:2.0.0"
  dependencies:
    lowercase-keys: ^2.0.0
  checksum: 6a4d32c37d4e88678ae0a9d69fcc90aafa15b1a3eab455bd65c06af3c6c4976afc47d07a0e5a60d277ab041a465f43bf0a581e0d7ab33786e7a7741573f2e487
  languageName: node
  linkType: hard

"reusify@npm:^1.0.4":
  version: 1.0.4
  resolution: "reusify@npm:1.0.4"
  checksum: c3076ebcc22a6bc252cb0b9c77561795256c22b757f40c0d8110b1300723f15ec0fc8685e8d4ea6d7666f36c79ccc793b1939c748bf36f18f542744a4e379fcc
  languageName: node
  linkType: hard

"run-parallel@npm:^1.1.9":
  version: 1.2.0
  resolution: "run-parallel@npm:1.2.0"
  dependencies:
    queue-microtask: ^1.2.2
  checksum: cb4f97ad25a75ebc11a8ef4e33bb962f8af8516bb2001082ceabd8902e15b98f4b84b4f8a9b222e5d57fc3bd1379c483886ed4619367a7680dad65316993021d
  languageName: node
  linkType: hard

"safe-buffer@npm:~5.2.0":
  version: 5.2.1
  resolution: "safe-buffer@npm:5.2.1"
  checksum: b99c4b41fdd67a6aaf280fcd05e9ffb0813654894223afb78a31f14a19ad220bba8aba1cb14eddce1fcfb037155fe6de4e861784eb434f7d11ed58d1e70dd491
  languageName: node
  linkType: hard

"safer-buffer@npm:^2.0.2":
  version: 2.1.2
  resolution: "safer-buffer@npm:2.1.2"
  checksum: cab8f25ae6f1434abee8d80023d7e72b598cf1327164ddab31003c51215526801e40b66c5e65d658a0af1e9d6478cadcb4c745f4bd6751f97d8644786c0978b0
  languageName: node
  linkType: hard

"semver@npm:^7.1.2":
  version: 7.3.5
  resolution: "semver@npm:7.3.5"
  dependencies:
    lru-cache: ^6.0.0
  bin:
    semver: bin/semver.js
  checksum: 5eafe6102bea2a7439897c1856362e31cc348ccf96efd455c8b5bc2c61e6f7e7b8250dc26b8828c1d76a56f818a7ee907a36ae9fb37a599d3d24609207001d60
  languageName: node
  linkType: hard

"shebang-command@npm:^2.0.0":
  version: 2.0.0
  resolution: "shebang-command@npm:2.0.0"
  dependencies:
    shebang-regex: ^3.0.0
  checksum: 6b52fe87271c12968f6a054e60f6bde5f0f3d2db483a1e5c3e12d657c488a15474121a1d55cd958f6df026a54374ec38a4a963988c213b7570e1d51575cea7fa
  languageName: node
  linkType: hard

"shebang-regex@npm:^3.0.0":
  version: 3.0.0
  resolution: "shebang-regex@npm:3.0.0"
  checksum: 1a2bcae50de99034fcd92ad4212d8e01eedf52c7ec7830eedcf886622804fe36884278f2be8be0ea5fde3fd1c23911643a4e0f726c8685b61871c8908af01222
  languageName: node
  linkType: hard

"slash@npm:^3.0.0":
  version: 3.0.0
  resolution: "slash@npm:3.0.0"
  checksum: 94a93fff615f25a999ad4b83c9d5e257a7280c90a32a7cb8b4a87996e4babf322e469c42b7f649fd5796edd8687652f3fb452a86dc97a816f01113183393f11c
  languageName: node
  linkType: hard

"sprintf-js@npm:~1.0.2":
  version: 1.0.3
  resolution: "sprintf-js@npm:1.0.3"
  checksum: 19d79aec211f09b99ec3099b5b2ae2f6e9cdefe50bc91ac4c69144b6d3928a640bb6ae5b3def70c2e85a2c3d9f5ec2719921e3a59d3ca3ef4b2fd1a4656a0df3
  languageName: node
  linkType: hard

"stream-buffers@npm:^3.0.2":
  version: 3.0.2
  resolution: "stream-buffers@npm:3.0.2"
  checksum: b09fdeea606e3113ebd0e07010ed0cf038608fa396130add9e45deaff5cc3ba845dc25c31ad24f8341f85907846344cb7c85f75ea52c6572e2ac646e9b6072d0
  languageName: node
  linkType: hard

"stream-to-array@npm:~2.3.0":
  version: 2.3.0
  resolution: "stream-to-array@npm:2.3.0"
  dependencies:
    any-promise: ^1.1.0
  checksum: 7feaf63b38399b850615e6ffcaa951e96e4c8f46745dbce4b553a94c5dc43966933813747014935a3ff97793e7f30a65270bde19f82b2932871a1879229a77cf
  languageName: node
  linkType: hard

"stream-to-promise@npm:^2.2.0":
  version: 2.2.0
  resolution: "stream-to-promise@npm:2.2.0"
  dependencies:
    any-promise: ~1.3.0
    end-of-stream: ~1.1.0
    stream-to-array: ~2.3.0
  checksum: 2c9ddb69c34d10ad27eb06197abc93fd1b1cd5f9597ead28ade4d6c57f4110d948a2ef14530f2f7b3b967f74f3554b57c38a4501b72a13b27fc8745bd7190d1d
  languageName: node
  linkType: hard

"string_decoder@npm:^1.1.1":
  version: 1.3.0
  resolution: "string_decoder@npm:1.3.0"
  dependencies:
    safe-buffer: ~5.2.0
  checksum: 8417646695a66e73aefc4420eb3b84cc9ffd89572861fe004e6aeb13c7bc00e2f616247505d2dbbef24247c372f70268f594af7126f43548565c68c117bdeb56
  languageName: node
  linkType: hard

"supports-color@npm:^7.1.0":
  version: 7.2.0
  resolution: "supports-color@npm:7.2.0"
  dependencies:
    has-flag: ^4.0.0
  checksum: 3dda818de06ebbe5b9653e07842d9479f3555ebc77e9a0280caf5a14fb877ffee9ed57007c3b78f5a6324b8dbeec648d9e97a24e2ed9fdb81ddc69ea07100f4a
  languageName: node
  linkType: hard

"tar-stream@npm:^2.0.1":
  version: 2.2.0
  resolution: "tar-stream@npm:2.2.0"
  dependencies:
    bl: ^4.0.3
    end-of-stream: ^1.4.1
    fs-constants: ^1.0.0
    inherits: ^2.0.3
    readable-stream: ^3.1.1
  checksum: 699831a8b97666ef50021c767f84924cfee21c142c2eb0e79c63254e140e6408d6d55a065a2992548e72b06de39237ef2b802b99e3ece93ca3904a37622a66f3
  languageName: node
  linkType: hard

"to-regex-range@npm:^5.0.1":
  version: 5.0.1
  resolution: "to-regex-range@npm:5.0.1"
  dependencies:
    is-number: ^7.0.0
  checksum: f76fa01b3d5be85db6a2a143e24df9f60dd047d151062d0ba3df62953f2f697b16fe5dad9b0ac6191c7efc7b1d9dcaa4b768174b7b29da89d4428e64bc0a20ed
  languageName: node
  linkType: hard

"treeify@npm:^1.1.0":
  version: 1.1.0
  resolution: "treeify@npm:1.1.0"
  checksum: aa00dded220c1dd052573bd6fc2c52862f09870851a284f0d3650d72bf913ba9b4f6b824f4f1ab81899bae29375f4266b07fe47cbf82343a1efa13cc09ce87af
  languageName: node
  linkType: hard

"tslib@npm:^1.13.0":
  version: 1.14.1
  resolution: "tslib@npm:1.14.1"
  checksum: dbe628ef87f66691d5d2959b3e41b9ca0045c3ee3c7c7b906cc1e328b39f199bb1ad9e671c39025bd56122ac57dfbf7385a94843b1cc07c60a4db74795829acd
  languageName: node
  linkType: hard

"tunnel@npm:^0.0.6":
  version: 0.0.6
  resolution: "tunnel@npm:0.0.6"
  checksum: c362948df9ad34b649b5585e54ce2838fa583aa3037091aaed66793c65b423a264e5229f0d7e9a95513a795ac2bd4cb72cda7e89a74313f182c1e9ae0b0994fa
  languageName: node
  linkType: hard

typescript@4.2.x:
  version: 4.2.3
  resolution: "typescript@npm:4.2.3"
  bin:
    tsc: bin/tsc
    tsserver: bin/tsserver
  checksum: b4a2020c021211184ac15caf59936b2089c13e79685f340a31aaa839c9de2f73b44a5e3757292de6cdad2ed967aef80d4592161b814cc29c0570f261850c4bca
  languageName: node
  linkType: hard

"typescript@patch:typescript@4.2.x#builtin<compat/typescript>":
  version: 4.2.3
  resolution: "typescript@patch:typescript@npm%3A4.2.3#builtin<compat/typescript>::version=4.2.3&hash=c4d4bd"
  bin:
    tsc: bin/tsc
    tsserver: bin/tsserver
  checksum: c1dd9e722d11f93a66aa365459bc155aa48ee366f4194b743f9de0b62c1c5242e82a482c49fa8d2bcb3a90ecf4c1a35e1ac534df7408d17d17eb15718a6ad0fc
  languageName: node
  linkType: hard

"util-deprecate@npm:^1.0.1":
  version: 1.0.2
  resolution: "util-deprecate@npm:1.0.2"
  checksum: 474acf1146cb2701fe3b074892217553dfcf9a031280919ba1b8d651a068c9b15d863b7303cb15bd00a862b498e6cf4ad7b4a08fb134edd5a6f7641681cb54a2
  languageName: node
  linkType: hard

"which@npm:^2.0.1":
  version: 2.0.2
  resolution: "which@npm:2.0.2"
  dependencies:
    isexe: ^2.0.0
  bin:
    node-which: ./bin/node-which
  checksum: 1a5c563d3c1b52d5f893c8b61afe11abc3bab4afac492e8da5bde69d550de701cf9806235f20a47b5c8fa8a1d6a9135841de2596535e998027a54589000e66d1
  languageName: node
  linkType: hard

"wrappy@npm:1":
  version: 1.0.2
  resolution: "wrappy@npm:1.0.2"
  checksum: 159da4805f7e84a3d003d8841557196034155008f817172d4e986bd591f74aa82aa7db55929a54222309e01079a65a92a9e6414da5a6aa4b01ee44a511ac3ee5
  languageName: node
  linkType: hard

"yallist@npm:^4.0.0":
  version: 4.0.0
  resolution: "yallist@npm:4.0.0"
  checksum: 343617202af32df2a15a3be36a5a8c0c8545208f3d3dfbc6bb7c3e3b7e8c6f8e7485432e4f3b88da3031a6e20afa7c711eded32ddfb122896ac5d914e75848d5
  languageName: node
  linkType: hard

"yarn-monorepo-demo@workspace:.":
  version: 0.0.0-use.local
  resolution: "yarn-monorepo-demo@workspace:."
  dependencies:
    "@types/lodash.snakecase": ^4.1.6
    "@yarnpkg/pnpify": ^2.4.0
    lodash.snakecase: ^4.1.1
    prettier: ^2.2.1
    typescript: 4.2.x
  languageName: unknown
  linkType: soft
